	<Project xmlns="http://schemas.microsoft.com/developer/msbuild/2003">
		<PropertyGroup>
			<ProjectGuid>{7555D889-0F00-412C-9D72-AF4B8BC20FFB}</ProjectGuid>
			<MainSource>cartera.dpr</MainSource>
			<Config Condition="'$(Config)'==''">Debug</Config>
			<DCC_DCCCompiler>DCC32</DCC_DCCCompiler>
		</PropertyGroup>
		<PropertyGroup Condition="'$(Config)'=='Base' or '$(Base)'!=''">
			<Base>true</Base>
		</PropertyGroup>
		<PropertyGroup Condition="'$(Config)'=='Release' or '$(Cfg_1)'!=''">
			<Cfg_1>true</Cfg_1>
			<CfgParent>Base</CfgParent>
			<Base>true</Base>
		</PropertyGroup>
		<PropertyGroup Condition="'$(Config)'=='Debug' or '$(Cfg_2)'!=''">
			<Cfg_2>true</Cfg_2>
			<CfgParent>Base</CfgParent>
			<Base>true</Base>
		</PropertyGroup>
		<PropertyGroup Condition="'$(Base)'!=''">
			<DCC_ImageBase>00400000</DCC_ImageBase>
			<DCC_UsePackage>vcl;rtl;dbrtl;adortl;vcldb;vclx;bdertl;vcldbx;ibxpress;dsnap;cds;bdecds;qrpt;teeui;teedb;tee;dss;teeqr;visualclx;visualdbclx;dsnapcrba;dsnapcon;VclSmp;vclshlctrls;vclie;xmlrtl;inet;inetdbbde;inetdbxpress;inetdb;nmfast;webdsnap;websnap;dbexpress;dbxcds;indy;dclOffice2k</DCC_UsePackage>
			<DebugSourcePath>C:\RECUPERACIONES SUPER\;$(DebugSourcePath)</DebugSourcePath>
			<DCC_UnitAlias>WinTypes=Windows;WinProcs=Windows;DbiTypes=BDE;DbiProcs=BDE;DbiErrs=BDE;$(DCC_UnitAlias)</DCC_UnitAlias>
			<DCC_Platform>x86</DCC_Platform>
			<DCC_DependencyCheckOutputName>cartera.exe</DCC_DependencyCheckOutputName>
			<DCC_K>false</DCC_K>
			<DCC_N>true</DCC_N>
			<DCC_S>false</DCC_S>
			<DCC_SymbolReferenceInfo>1</DCC_SymbolReferenceInfo>
			<DCC_E>false</DCC_E>
			<DCC_F>false</DCC_F>
		</PropertyGroup>
		<PropertyGroup Condition="'$(Cfg_1)'!=''">
			<DCC_LocalDebugSymbols>false</DCC_LocalDebugSymbols>
			<DCC_Define>RELEASE;$(DCC_Define)</DCC_Define>
			<DCC_SymbolReferenceInfo>0</DCC_SymbolReferenceInfo>
			<DCC_DebugInformation>false</DCC_DebugInformation>
		</PropertyGroup>
		<PropertyGroup Condition="'$(Cfg_2)'!=''">
			<DCC_Define>DEBUG;$(DCC_Define)</DCC_Define>
		</PropertyGroup>
		<ItemGroup>
			<DelphiCompile Include="cartera.dpr">
				<MainSource>MainSource</MainSource>
			</DelphiCompile>
			<DCCReference Include="..\..\units\UnitdmColocacion.pas">
				<Form>dmColocacion</Form>
				<DesignClass>TDataModule</DesignClass>
			</DCCReference>
			<DCCReference Include="..\..\units\UnitCalculoCuotadePrueba.pas">
				<Form>frmCalculoCuotadePrueba</Form>
			</DCCReference>
			<DCCReference Include="..\..\units\UnitCalculoTasas.pas">
				<Form>frmCalculoTasas</Form>
			</DCCReference>
			<DCCReference Include="..\..\units\UnitConsultaColocacion.pas">
				<Form>frmConsultaColocacion</Form>
			</DCCReference>
			<DCCReference Include="..\..\units\UnitConsultaGarantias.pas">
				<Form>frmConsultaGarantias</Form>
			</DCCReference>
			<DCCReference Include="..\..\units\UnitExtractoColocacion.pas">
				<Form>FrmExtractoColocacion</Form>
			</DCCReference>
			<DCCReference Include="..\..\units\UnitInformeCreditosCancelados.pas">
				<Form>frmInformeCreditosCancelados</Form>
			</DCCReference>
			<DCCReference Include="..\..\units\UnitLiquidaciondePrueba.pas">
				<Form>frmLiquidaciondePrueba</Form>
			</DCCReference>
			<DCCReference Include="..\..\units\UnitMuestroLiquidacionColocacion.pas">
				<Form>frmMuestroLiquidacionColocacion</Form>
			</DCCReference>
			<DCCReference Include="..\..\units\UnitTablaLiquidacion.pas">
				<Form>frmTablaLiquidacion</Form>
			</DCCReference>
			<DCCReference Include="..\..\units\UnitTablaPagoColocacion.pas">
				<Form>frmTablaPagoColocacion</Form>
			</DCCReference>
			<DCCReference Include="..\..\units\UnitBuscarControlCobro.pas">
				<Form>frmBusquedaControlCobro</Form>
			</DCCReference>
			<DCCReference Include="..\..\units\UnitBuscarPersona.pas">
				<Form>frmBuscarPersona</Form>
			</DCCReference>
			<DCCReference Include="..\..\units\UnitBuscarTexto.pas">
				<Form>frmBuscarTexto</Form>
			</DCCReference>
			<DCCReference Include="..\..\units\UnitControlCobroCartera.pas">
				<Form>FrmControlCobroCartera</Form>
			</DCCReference>
			<DCCReference Include="..\..\units\UnitDireccionesAsociados.pas">
				<Form>frmDireccionesAsociado</Form>
			</DCCReference>
			<DCCReference Include="..\..\units\UnitPantallaProgreso.pas">
				<Form>frmProgreso</Form>
			</DCCReference>
			<DCCReference Include="..\..\units\UnitConsultaLiquidacion.pas">
				<Form>frmConsultaLiquidacion</Form>
			</DCCReference>
			<DCCReference Include="..\..\units\UnitInformeColocacionesporestado.pas">
				<Form>frminformecolocacionesporestado</Form>
			</DCCReference>
			<DCCReference Include="..\..\units\Unitcomparartabla.pas">
				<Form>frmcomparartabla</Form>
			</DCCReference>
			<DCCReference Include="..\..\units\UnitBarridoCartera.pas">
				<Form>frmBarridoCartera</Form>
			</DCCReference>
			<DCCReference Include="..\..\units\UnitdmPersona.pas">
				<Form>dmPersona</Form>
				<DesignClass>TDataModule</DesignClass>
			</DCCReference>
			<DCCReference Include="..\..\units\UnitRecuperarBarridoCartera.pas">
				<Form>frmRecuperarBarridoCartera</Form>
			</DCCReference>
			<DCCReference Include="..\..\units\Consts.pas"/>
			<DCCReference Include="..\..\units\UnitCargarCostasJudiciales.pas">
				<Form>frmCargarCostasJudiciales</Form>
			</DCCReference>
			<DCCReference Include="..\..\units\UnitCambiarContrasena.pas">
				<Form>frmCambiarContrasena</Form>
			</DCCReference>
			<DCCReference Include="..\..\units\unitLogin.pas">
				<Form>frmLogin</Form>
			</DCCReference>
			<DCCReference Include="..\..\units\UnitdmGeneral.pas">
				<Form>dmGeneral</Form>
				<DesignClass>TDataModule</DesignClass>
			</DCCReference>
			<DCCReference Include="..\..\units\UnitCreaciondePersona.pas">
				<Form>frmCreacionPersona</Form>
			</DCCReference>
			<DCCReference Include="Unit\unitMain.pas">
				<Form>frmMain</Form>
			</DCCReference>
			<DCCReference Include="..\..\units\UnitConsultaProductos.pas">
				<Form>frmConsultaProductos</Form>
			</DCCReference>
			<DCCReference Include="..\..\units\UnitObservacionesCambioEstado.pas">
				<Form>frmObservacionesCambioEstado</Form>
			</DCCReference>
			<DCCReference Include="..\..\units\UnitInformeCobroConstante.pas">
				<Form>frmInformeCobroConstante</Form>
			</DCCReference>
			<DCCReference Include="..\..\units\UnitRecuperarTablaLiq.pas">
				<Form>frmRecuperarTablaLiq</Form>
			</DCCReference>
			<DCCReference Include="..\..\units\UnitMarcarProrroga.pas">
				<Form>frmMarcarProrroga</Form>
			</DCCReference>
			<DCCReference Include="..\..\units\UnitEnvioJudicialCastigada.pas">
				<Form>frmEnvioJudicialCastigada</Form>
			</DCCReference>
			<DCCReference Include="..\..\units\UnitLiquidacionExtraordinaria1.pas">
				<Form>frmLiquidacionExtraordinaria1</Form>
			</DCCReference>
			<DCCReference Include="..\..\units\UnitBuscarColocacion.pas">
				<Form>frmBusquedadeColocacion</Form>
			</DCCReference>
			<DCCReference Include="..\..\units\UnitReLogin.pas">
				<Form>frmReLogin</Form>
			</DCCReference>
			<DCCReference Include="..\..\units\UnitBuscarEscritura.pas">
				<Form>frmBusquedadeEscritura</Form>
			</DCCReference>
			<DCCReference Include="..\..\units\digitacuenta.pas">
				<Form>digita</Form>
			</DCCReference>
			<DCCReference Include="..\..\units\Unit_Comprobante.pas">
				<Form>frmComprobante</Form>
			</DCCReference>
			<DCCReference Include="..\..\units\Unit_Mantenimientopuc.pas">
				<Form>frmMantenimientopuc</Form>
			</DCCReference>
			<DCCReference Include="..\..\units\Unit_Dmpuc.pas">
				<Form>Dmpuc</Form>
				<DesignClass>TDataModule</DesignClass>
			</DCCReference>
			<DCCReference Include="..\..\units\Unit_BuscarCodigo.pas">
				<Form>frmBuscarCodigo</Form>
			</DCCReference>
			<DCCReference Include="..\..\units\Unit_BuscarClave.pas">
				<Form>frmBuscarClave</Form>
			</DCCReference>
			<DCCReference Include="..\..\units\Unit_buscarcomprobante.pas">
				<Form>frmbuscarcomprobante</Form>
			</DCCReference>
			<DCCReference Include="..\..\units\UnitLiquidacionCastigada.pas">
				<Form>frmLiquidacionCastigada</Form>
			</DCCReference>
			<DCCReference Include="..\..\units\Copia 120404\UnitInformeColocacionFiltrado.pas">
				<Form>frmInformeColocacionesFiltrado</Form>
			</DCCReference>
			<DCCReference Include="..\..\units\UnitReversionAbonoCartera.pas">
				<Form>frmReversionAbonoCartera</Form>
			</DCCReference>
			<DCCReference Include="..\..\units\UnitCausacionColocaciones.pas">
				<Form>frmCausacionColocaciones</Form>
			</DCCReference>
			<DCCReference Include="..\..\units\UnitVistaPreliminar.pas">
				<Form>frmVistaPreliminar</Form>
			</DCCReference>
			<DCCReference Include="..\..\units\UnitInformeDiarioCartera.pas">
				<Form>frmInformeDiarioCartera</Form>
			</DCCReference>
			<DCCReference Include="..\..\units\UnitEstadoCaptacionporCartera.pas">
				<Form>frmEstadoCaptacionporCartera</Form>
			</DCCReference>
			<DCCReference Include="..\..\units\UnitInformeAseguradoraCartera.pas">
				<Form>frmInformeAseguradoraCartera</Form>
			</DCCReference>
			<DCCReference Include="..\..\units\UnitControldeObservaciones.pas">
				<Form>frmControldeObservaciones</Form>
			</DCCReference>
			<DCCReference Include="..\..\units\UnitRegistrarObservacion.pas">
				<Form>frmRegistrarObservacion</Form>
			</DCCReference>
			<DCCReference Include="..\..\units\UnitRecuperarLiquidacionColocacion.pas">
				<Form>frmRecuperarLiquidacionColocacion</Form>
			</DCCReference>
			<DCCReference Include="..\..\units\UnitMantenimientoAbogados.pas">
				<Form>frmMantenimientoAbogados</Form>
			</DCCReference>
			<DCCReference Include="..\..\units\UnitRCarteraAbogados.pas">
				<Form>frmRCarteraAbogados</Form>
			</DCCReference>
			<DCCReference Include="..\..\units\UnitImpresion.pas">
				<Form>FrmImpresion</Form>
			</DCCReference>
			<DCCReference Include="..\..\units\UnitConsultaExtractoCaptacion.pas">
				<Form>frmConsultaExtractoCaptacion</Form>
			</DCCReference>
			<DCCReference Include="..\..\units\Unit_DmComprobante.pas">
				<Form>DmComprobante</Form>
				<DesignClass>TDataModule</DesignClass>
			</DCCReference>
			<DCCReference Include="..\..\units\Videocap.pas"/>
			<DCCReference Include="..\..\units\UnitTomaHuella.pas">
				<Form>frmRegister</Form>
			</DCCReference>
			<DCCReference Include="..\..\units\UnitTomarFoto.pas">
				<Form>frmTomarFoto</Form>
			</DCCReference>
			<DCCReference Include="..\..\units\VfW.pas"/>
			<DCCReference Include="..\..\units\UnitVerificarHuella.pas">
				<Form>frmVerify</Form>
			</DCCReference>
			<DCCReference Include="..\..\units\UnitConsultaSol.pas">
				<Form>FrmConsultaSol</Form>
			</DCCReference>
			<DCCReference Include="..\..\units\UnitLiquidacionGral.pas">
				<Form>frmLiquidacionGral</Form>
			</DCCReference>
			<DCCReference Include="..\..\units\UnitDmSolicitud.pas">
				<Form>DmSolicitud</Form>
				<DesignClass>TDataModule</DesignClass>
			</DCCReference>
			<DCCReference Include="..\..\units\UnitDescObservacion.pas">
				<Form>FrmDescObsrevacion</Form>
			</DCCReference>
			<DCCReference Include="..\..\units\UnitControlCarta.pas">
				<Form>FrmControlCarta</Form>
			</DCCReference>
			<DCCReference Include="..\..\units\UnitTipoImpresion.pas">
				<Form>frmTipoImpresion</Form>
			</DCCReference>
			<DCCReference Include="..\..\units\UnitDiasEntreFechas.pas">
				<Form>frmDiasEntreFechas</Form>
			</DCCReference>
			<DCCReference Include="Unit\UnitFechaAEvaluar.pas">
				<Form>frmFechas</Form>
			</DCCReference>
			<DCCReference Include="..\..\units\UnitRelacionChequesEnCanje.pas">
				<Form>frmRelacionChequesEnCanje</Form>
			</DCCReference>
			<DCCReference Include="..\..\units\UnitLiquidacionJudicialDes.pas">
				<Form>frmLiquidacionJudicialDes</Form>
			</DCCReference>
			<DCCReference Include="..\..\units\UnitColocaciones.pas">
				<Form>FrmColocacion</Form>
			</DCCReference>
			<DCCReference Include="..\..\units\DataSetToExcel.pas"/>
			<DCCReference Include="..\..\units\UnitReporteReversionCartera.pas">
				<Form>frmReporteReversionCartera</Form>
			</DCCReference>
			<DCCReference Include="..\..\units\UnitEndosoPagare.pas">
				<Form>FrmEndosoPagare</Form>
			</DCCReference>
			<DCCReference Include="..\..\units\UnitReporteEndoso.pas">
				<Form>FrmReporteEndoso</Form>
			</DCCReference>
			<DCCReference Include="..\..\units\UnitDescargaPagare.pas">
				<Form>FrmDescargaPagare</Form>
			</DCCReference>
			<DCCReference Include="..\..\units\UnitReporteCambioEstadoColocacion.pas">
				<Form>frmReporteCambioEstadoColocacion</Form>
			</DCCReference>
			<DCCReference Include="..\..\units\UnitInformeCarteraPrivilegiados.pas">
				<Form>frmInformeCarteraPrivilegiados</Form>
			</DCCReference>
			<DCCReference Include="..\..\units\UnitExtractoCredito.pas">
				<Form>frmExtractoCredito</Form>
			</DCCReference>
			<DCCReference Include="..\..\units\UnitResumenColocaciones.pas">
				<Form>frmResumenColocaciones</Form>
			</DCCReference>
			<DCCReference Include="..\..\units\UnitMidificaLinea.pas">
				<Form>FrmModificaLinea</Form>
			</DCCReference>
			<DCCReference Include="..\..\units\UnitConsolidarPlanoBancoldex.pas">
				<Form>frmConsolidarPlanoBancoldex</Form>
			</DCCReference>
			<DCCReference Include="..\..\units\UnitRecuperacionesCartera.pas">
				<Form>frmRecuperacionesCartera</Form>
			</DCCReference>
			<DCCReference Include="..\..\units\UnitCausacionCarteraDiaria.pas">
				<Form>frmCausacionCarteraDiaria</Form>
			</DCCReference>
			<DCCReference Include="..\..\units\UnitAgregarObservacion.pas">
				<Form>frmAgregarObservacionCobro</Form>
			</DCCReference>
			<DCCReference Include="..\..\Globales\UnitGlobales.pas"/>
			<DCCReference Include="Cambios globales liq por clasificacion\GLOBAL\UnitGlobalesCol.pas"/>
			<DCCReference Include="Cambios Abogados 20061226\UnitAgregarActuacion.pas">
				<Form>frmAgregarActuacion</Form>
			</DCCReference>
			<DCCReference Include="..\..\units\UnitInformeAsociadosporMunicipio.pas">
				<Form>frmInformeAsociadosporMunicipio</Form>
			</DCCReference>
			<DCCReference Include="UnitInformeAsociadosMercado.pas">
				<Form>frmInformeAsociadosporMercado</Form>
			</DCCReference>
			<DCCReference Include="..\..\units\UnitAsignacionAbogado.pas">
				<Form>frmAsignacionAbogado</Form>
			</DCCReference>
			<DCCReference Include="..\..\units\UnitCambios.pas">
				<Form>FrmCambios</Form>
			</DCCReference>
			<DCCReference Include="..\..\units\UnitAgregarObservacionSol.pas">
				<Form>frmAgregarObservacionSol</Form>
			</DCCReference>
			<DCCReference Include="..\..\units\UnitLiquidacionCarteraJudicial.pas">
				<Form>frmLiquidacionCarteraJudicial</Form>
			</DCCReference>
			<DCCReference Include="..\..\units\UnitBuscarCiiu.pas">
				<Form>frmBuscarCIIU</Form>
			</DCCReference>
			<DCCReference Include="..\..\units\UnitCreacionPersonaIndependiente.pas">
				<Form>frmCreacionPersonaIndependiente</Form>
			</DCCReference>
			<BuildConfiguration Include="Base">
				<Key>Base</Key>
			</BuildConfiguration>
			<BuildConfiguration Include="Debug">
				<Key>Cfg_2</Key>
				<CfgParent>Base</CfgParent>
			</BuildConfiguration>
			<BuildConfiguration Include="Release">
				<Key>Cfg_1</Key>
				<CfgParent>Base</CfgParent>
			</BuildConfiguration>
		</ItemGroup>
		<Import Project="$(BDS)\Bin\CodeGear.Delphi.Targets" Condition="Exists('$(BDS)\Bin\CodeGear.Delphi.Targets')"/>
		<ProjectExtensions>
			<Borland.Personality>Delphi.Personality.12</Borland.Personality>
			<Borland.ProjectType>VCLApplication</Borland.ProjectType>
			<BorlandProject>
				<Delphi.Personality>
					<Source>
						<Source Name="MainSource">cartera.dpr</Source>
					</Source>
					<Parameters>
						<Parameters Name="UseLauncher">False</Parameters>
						<Parameters Name="LoadAllSymbols">True</Parameters>
						<Parameters Name="LoadUnspecifiedSymbols">False</Parameters>
					</Parameters>
					<VersionInfo>
						<VersionInfo Name="IncludeVerInfo">True</VersionInfo>
						<VersionInfo Name="AutoIncBuild">False</VersionInfo>
						<VersionInfo Name="MajorVer">1</VersionInfo>
						<VersionInfo Name="MinorVer">1</VersionInfo>
						<VersionInfo Name="Release">0</VersionInfo>
						<VersionInfo Name="Build">1</VersionInfo>
						<VersionInfo Name="Debug">False</VersionInfo>
						<VersionInfo Name="PreRelease">False</VersionInfo>
						<VersionInfo Name="Special">False</VersionInfo>
						<VersionInfo Name="Private">False</VersionInfo>
						<VersionInfo Name="DLL">False</VersionInfo>
						<VersionInfo Name="Locale">9226</VersionInfo>
						<VersionInfo Name="CodePage">1252</VersionInfo>
					</VersionInfo>
					<VersionInfoKeys>
						<VersionInfoKeys Name="CompanyName"/>
						<VersionInfoKeys Name="FileDescription"/>
						<VersionInfoKeys Name="FileVersion">1.1.0.1</VersionInfoKeys>
						<VersionInfoKeys Name="InternalName"/>
						<VersionInfoKeys Name="LegalCopyright"/>
						<VersionInfoKeys Name="LegalTrademarks"/>
						<VersionInfoKeys Name="OriginalFilename"/>
						<VersionInfoKeys Name="ProductName"/>
						<VersionInfoKeys Name="ProductVersion">1.0.0.0</VersionInfoKeys>
					</VersionInfoKeys>
				</Delphi.Personality>
			</BorlandProject>
			<ProjectFileVersion>12</ProjectFileVersion>
		</ProjectExtensions>
	</Project>
